
Microsoft Visual Studio Solution File, Format Version 11.00
# Visual Studio 2010
Project("{2150E333-8FDC-42A3-9474-1A3956D46DE8}") = "Ch.01", "Ch.01", "{212074C0-1131-49A2-A35C-F694B86A20A5}"
EndProject
Project("{8BC9CEB8-8B4A-11D0-8D11-00A0C91BC942}") = "Ex1_04", "Ch.01\Ex1_04\Ex1_04.vcxproj", "{2893C1D8-A245-44D5-BA68-167788F03489}"
EndProject
Project("{8BC9CEB8-8B4A-11D0-8D11-00A0C91BC942}") = "Ex1_05", "Ch.01\Ex1_05\Ex1_05.vcxproj", "{33F0FDA0-E503-443E-BAB1-E655E825EB55}"
EndProject
Project("{2150E333-8FDC-42A3-9474-1A3956D46DE8}") = "Ch.20", "Ch.20", "{0E4FB5FC-D5FF-4DEB-9745-5C246440A287}"
EndProject
Project("{8BC9CEB8-8B4A-11D0-8D11-00A0C91BC942}") = "ExtDLLExample", "Ch.20\Text\ExtDLLExample\ExtDLLExample.vcxproj", "{D4063AFE-345A-439C-8225-EF1A723FF3D0}"
EndProject
Project("{2150E333-8FDC-42A3-9474-1A3956D46DE8}") = "Ch.10", "Ch.10", "{212D8AD8-3814-468C-A9AE-8C2791E9A8F4}"
EndProject
Project("{8BC9CEB8-8B4A-11D0-8D11-00A0C91BC942}") = "_Test and Scratch", "Ch.10\_Test and Scratch\_Test and Scratch.vcxproj", "{4F90F7CC-1C76-4CB4-82F2-5EC0CD5C1B47}"
EndProject
Global
	GlobalSection(SolutionConfigurationPlatforms) = preSolution
		Debug|Win32 = Debug|Win32
		Release|Win32 = Release|Win32
	EndGlobalSection
	GlobalSection(ProjectConfigurationPlatforms) = postSolution
		{2893C1D8-A245-44D5-BA68-167788F03489}.Debug|Win32.ActiveCfg = Debug|Win32
		{2893C1D8-A245-44D5-BA68-167788F03489}.Debug|Win32.Build.0 = Debug|Win32
		{2893C1D8-A245-44D5-BA68-167788F03489}.Release|Win32.ActiveCfg = Release|Win32
		{2893C1D8-A245-44D5-BA68-167788F03489}.Release|Win32.Build.0 = Release|Win32
		{33F0FDA0-E503-443E-BAB1-E655E825EB55}.Debug|Win32.ActiveCfg = Debug|Win32
		{33F0FDA0-E503-443E-BAB1-E655E825EB55}.Debug|Win32.Build.0 = Debug|Win32
		{33F0FDA0-E503-443E-BAB1-E655E825EB55}.Release|Win32.ActiveCfg = Release|Win32
		{33F0FDA0-E503-443E-BAB1-E655E825EB55}.Release|Win32.Build.0 = Release|Win32
		{D4063AFE-345A-439C-8225-EF1A723FF3D0}.Debug|Win32.ActiveCfg = Debug|Win32
		{D4063AFE-345A-439C-8225-EF1A723FF3D0}.Debug|Win32.Build.0 = Debug|Win32
		{D4063AFE-345A-439C-8225-EF1A723FF3D0}.Release|Win32.ActiveCfg = Release|Win32
		{D4063AFE-345A-439C-8225-EF1A723FF3D0}.Release|Win32.Build.0 = Release|Win32
		{4F90F7CC-1C76-4CB4-82F2-5EC0CD5C1B47}.Debug|Win32.ActiveCfg = Debug|Win32
		{4F90F7CC-1C76-4CB4-82F2-5EC0CD5C1B47}.Debug|Win32.Build.0 = Debug|Win32
		{4F90F7CC-1C76-4CB4-82F2-5EC0CD5C1B47}.Release|Win32.ActiveCfg = Release|Win32
		{4F90F7CC-1C76-4CB4-82F2-5EC0CD5C1B47}.Release|Win32.Build.0 = Release|Win32
	EndGlobalSection
	GlobalSection(SolutionProperties) = preSolution
		HideSolutionNode = FALSE
	EndGlobalSection
	GlobalSection(NestedProjects) = preSolution
		{2893C1D8-A245-44D5-BA68-167788F03489} = {212074C0-1131-49A2-A35C-F694B86A20A5}
		{33F0FDA0-E503-443E-BAB1-E655E825EB55} = {212074C0-1131-49A2-A35C-F694B86A20A5}
		{D4063AFE-345A-439C-8225-EF1A723FF3D0} = {0E4FB5FC-D5FF-4DEB-9745-5C246440A287}
		{4F90F7CC-1C76-4CB4-82F2-5EC0CD5C1B47} = {212D8AD8-3814-468C-A9AE-8C2791E9A8F4}
	EndGlobalSection
EndGlobal
