
Microsoft Visual Studio Solution File, Format Version 11.00
# Visual Studio 2010
Project("{2150E333-8FDC-42A3-9474-1A3956D46DE8}") = "Ch.01", "Ch.01", "{212074C0-1131-49A2-A35C-F694B86A20A5}"
EndProject
Project("{8BC9CEB8-8B4A-11D0-8D11-00A0C91BC942}") = "Ex1_04", "Ch.01\Ex1_04\Ex1_04.vcxproj", "{2893C1D8-A245-44D5-BA68-167788F03489}"
EndProject
Project("{8BC9CEB8-8B4A-11D0-8D11-00A0C91BC942}") = "Ex1_05", "Ch.01\Ex1_05\Ex1_05.vcxproj", "{33F0FDA0-E503-443E-BAB1-E655E825EB55}"
EndProject
Project("{2150E333-8FDC-42A3-9474-1A3956D46DE8}") = "Ch.20", "Ch.20", "{0E4FB5FC-D5FF-4DEB-9745-5C246440A287}"
EndProject
Project("{8BC9CEB8-8B4A-11D0-8D11-00A0C91BC942}") = "ExtDLLExample", "Ch.20\Text\ExtDLLExample\ExtDLLExample.vcxproj", "{D4063AFE-345A-439C-8225-EF1A723FF3D0}"
EndProject
Project("{2150E333-8FDC-42A3-9474-1A3956D46DE8}") = "Ch.10", "Ch.10", "{212D8AD8-3814-468C-A9AE-8C2791E9A8F4}"
EndProject
Project("{8BC9CEB8-8B4A-11D0-8D11-00A0C91BC942}") = "_Test and Scratch", "Ch.10\_Test and Scratch\_Test and Scratch.vcxproj", "{4F90F7CC-1C76-4CB4-82F2-5EC0CD5C1B47}"
EndProject
Project("{2150E333-8FDC-42A3-9474-1A3956D46DE8}") = "Ch.12", "Ch.12", "{82EE1E66-D7B2-4372-BB28-DB88A71510FE}"
EndProject
Project("{8BC9CEB8-8B4A-11D0-8D11-00A0C91BC942}") = "Ex12_01.cpp", "Ch.12\Ex12_01.cpp\Ex12_01.cpp.vcxproj", "{DBDF5387-DBD1-4B68-9D2A-00F163B5C356}"
EndProject
Project("{8BC9CEB8-8B4A-11D0-8D11-00A0C91BC942}") = "Ex12_02", "Ch.12\Ex12_02\Ex12_02.vcxproj", "{4D605976-392C-4B12-B078-17911FC958AE}"
EndProject
Project("{8BC9CEB8-8B4A-11D0-8D11-00A0C91BC942}") = "Ex12_03", "Ch.12\Ex12_03\Ex12_03.vcxproj", "{BE6E61EF-47FB-43AD-855D-BE4A869C8B0C}"
EndProject
Project("{2150E333-8FDC-42A3-9474-1A3956D46DE8}") = "Ch.14", "Ch.14", "{0F8EDC82-7881-49EF-B980-C3F993B4F64B}"
EndProject
Project("{8BC9CEB8-8B4A-11D0-8D11-00A0C91BC942}") = "TextEditor", "Ch.14\TextEditor\TextEditor.vcxproj", "{4D4C4DF1-D953-40C3-9E9C-B3015C8AC9C7}"
EndProject
Project("{8BC9CEB8-8B4A-11D0-8D11-00A0C91BC942}") = "Sketcher", "Ch.14\Sketcher\Sketcher.vcxproj", "{BC23B8DB-652B-4E14-9AC4-3680084B09D0}"
EndProject
Project("{2150E333-8FDC-42A3-9474-1A3956D46DE8}") = "Ch.15", "Ch.15", "{A31E3388-B114-4BAD-A98A-8A8BCD2FF79B}"
EndProject
Project("{8BC9CEB8-8B4A-11D0-8D11-00A0C91BC942}") = "Sketcher", "Ch.15\Sketcher\Sketcher.vcxproj", "{D4D80A49-A1A9-4B91-93B6-0F48BF33065D}"
EndProject
Project("{8BC9CEB8-8B4A-11D0-8D11-00A0C91BC942}") = "CLRSketcher", "Ch.15\CLRSketcher\CLRSketcher.vcxproj", "{5AAF1956-F55F-438A-9207-927533D2547B}"
EndProject
Project("{2150E333-8FDC-42A3-9474-1A3956D46DE8}") = "ex15-01 to 04", "ex15-01 to 04", "{52D1771D-5A10-4592-8775-6C7A4B6EF6C5}"
EndProject
Project("{8BC9CEB8-8B4A-11D0-8D11-00A0C91BC942}") = "Sketcher", "Ch.15\_Ex15-01 to 04\Sketcher\Sketcher.vcxproj", "{F437B1E5-2480-4F91-BEAC-40FAE9DFDCE5}"
EndProject
Project("{2150E333-8FDC-42A3-9474-1A3956D46DE8}") = "Ch.16", "Ch.16", "{7C8A0698-A7D2-428B-A532-FCDFABA56F59}"
EndProject
Project("{8BC9CEB8-8B4A-11D0-8D11-00A0C91BC942}") = "Sketcher", "Ch.16\Sketcher\Sketcher.vcxproj", "{9D81A80F-FF0A-412E-988C-B4514870ADC4}"
EndProject
Project("{2150E333-8FDC-42A3-9474-1A3956D46DE8}") = "ex16-01 to 08", "ex16-01 to 08", "{606CAFFB-E991-4DB6-85AB-06A716C3D07A}"
EndProject
Project("{8BC9CEB8-8B4A-11D0-8D11-00A0C91BC942}") = "Sketcher", "Ch.16\_Ex16-01 to 08\Sketcher\Sketcher.vcxproj", "{610B6698-8183-4391-80C7-19190869F523}"
EndProject
Project("{2150E333-8FDC-42A3-9474-1A3956D46DE8}") = "Ch.17", "Ch.17", "{AAC383FC-EEC7-4BF9-97FA-074B541A3A6E}"
EndProject
Project("{8BC9CEB8-8B4A-11D0-8D11-00A0C91BC942}") = "Sketcher", "Ch.17\Sketcher\Sketcher.vcxproj", "{790427F9-84A3-48B9-999F-EDBCC51E751B}"
EndProject
Global
	GlobalSection(SolutionConfigurationPlatforms) = preSolution
		Debug|Win32 = Debug|Win32
		Release|Win32 = Release|Win32
	EndGlobalSection
	GlobalSection(ProjectConfigurationPlatforms) = postSolution
		{2893C1D8-A245-44D5-BA68-167788F03489}.Debug|Win32.ActiveCfg = Debug|Win32
		{2893C1D8-A245-44D5-BA68-167788F03489}.Debug|Win32.Build.0 = Debug|Win32
		{2893C1D8-A245-44D5-BA68-167788F03489}.Release|Win32.ActiveCfg = Release|Win32
		{2893C1D8-A245-44D5-BA68-167788F03489}.Release|Win32.Build.0 = Release|Win32
		{33F0FDA0-E503-443E-BAB1-E655E825EB55}.Debug|Win32.ActiveCfg = Debug|Win32
		{33F0FDA0-E503-443E-BAB1-E655E825EB55}.Debug|Win32.Build.0 = Debug|Win32
		{33F0FDA0-E503-443E-BAB1-E655E825EB55}.Release|Win32.ActiveCfg = Release|Win32
		{33F0FDA0-E503-443E-BAB1-E655E825EB55}.Release|Win32.Build.0 = Release|Win32
		{D4063AFE-345A-439C-8225-EF1A723FF3D0}.Debug|Win32.ActiveCfg = Debug|Win32
		{D4063AFE-345A-439C-8225-EF1A723FF3D0}.Debug|Win32.Build.0 = Debug|Win32
		{D4063AFE-345A-439C-8225-EF1A723FF3D0}.Release|Win32.ActiveCfg = Release|Win32
		{D4063AFE-345A-439C-8225-EF1A723FF3D0}.Release|Win32.Build.0 = Release|Win32
		{4F90F7CC-1C76-4CB4-82F2-5EC0CD5C1B47}.Debug|Win32.ActiveCfg = Debug|Win32
		{4F90F7CC-1C76-4CB4-82F2-5EC0CD5C1B47}.Debug|Win32.Build.0 = Debug|Win32
		{4F90F7CC-1C76-4CB4-82F2-5EC0CD5C1B47}.Release|Win32.ActiveCfg = Release|Win32
		{4F90F7CC-1C76-4CB4-82F2-5EC0CD5C1B47}.Release|Win32.Build.0 = Release|Win32
		{DBDF5387-DBD1-4B68-9D2A-00F163B5C356}.Debug|Win32.ActiveCfg = Debug|Win32
		{DBDF5387-DBD1-4B68-9D2A-00F163B5C356}.Debug|Win32.Build.0 = Debug|Win32
		{DBDF5387-DBD1-4B68-9D2A-00F163B5C356}.Release|Win32.ActiveCfg = Release|Win32
		{DBDF5387-DBD1-4B68-9D2A-00F163B5C356}.Release|Win32.Build.0 = Release|Win32
		{4D605976-392C-4B12-B078-17911FC958AE}.Debug|Win32.ActiveCfg = Debug|Win32
		{4D605976-392C-4B12-B078-17911FC958AE}.Debug|Win32.Build.0 = Debug|Win32
		{4D605976-392C-4B12-B078-17911FC958AE}.Release|Win32.ActiveCfg = Release|Win32
		{4D605976-392C-4B12-B078-17911FC958AE}.Release|Win32.Build.0 = Release|Win32
		{BE6E61EF-47FB-43AD-855D-BE4A869C8B0C}.Debug|Win32.ActiveCfg = Debug|Win32
		{BE6E61EF-47FB-43AD-855D-BE4A869C8B0C}.Debug|Win32.Build.0 = Debug|Win32
		{BE6E61EF-47FB-43AD-855D-BE4A869C8B0C}.Release|Win32.ActiveCfg = Release|Win32
		{BE6E61EF-47FB-43AD-855D-BE4A869C8B0C}.Release|Win32.Build.0 = Release|Win32
		{4D4C4DF1-D953-40C3-9E9C-B3015C8AC9C7}.Debug|Win32.ActiveCfg = Debug|Win32
		{4D4C4DF1-D953-40C3-9E9C-B3015C8AC9C7}.Debug|Win32.Build.0 = Debug|Win32
		{4D4C4DF1-D953-40C3-9E9C-B3015C8AC9C7}.Release|Win32.ActiveCfg = Release|Win32
		{4D4C4DF1-D953-40C3-9E9C-B3015C8AC9C7}.Release|Win32.Build.0 = Release|Win32
		{BC23B8DB-652B-4E14-9AC4-3680084B09D0}.Debug|Win32.ActiveCfg = Debug|Win32
		{BC23B8DB-652B-4E14-9AC4-3680084B09D0}.Debug|Win32.Build.0 = Debug|Win32
		{BC23B8DB-652B-4E14-9AC4-3680084B09D0}.Release|Win32.ActiveCfg = Release|Win32
		{BC23B8DB-652B-4E14-9AC4-3680084B09D0}.Release|Win32.Build.0 = Release|Win32
		{D4D80A49-A1A9-4B91-93B6-0F48BF33065D}.Debug|Win32.ActiveCfg = Debug|Win32
		{D4D80A49-A1A9-4B91-93B6-0F48BF33065D}.Debug|Win32.Build.0 = Debug|Win32
		{D4D80A49-A1A9-4B91-93B6-0F48BF33065D}.Release|Win32.ActiveCfg = Release|Win32
		{D4D80A49-A1A9-4B91-93B6-0F48BF33065D}.Release|Win32.Build.0 = Release|Win32
		{5AAF1956-F55F-438A-9207-927533D2547B}.Debug|Win32.ActiveCfg = Debug|Win32
		{5AAF1956-F55F-438A-9207-927533D2547B}.Debug|Win32.Build.0 = Debug|Win32
		{5AAF1956-F55F-438A-9207-927533D2547B}.Release|Win32.ActiveCfg = Release|Win32
		{5AAF1956-F55F-438A-9207-927533D2547B}.Release|Win32.Build.0 = Release|Win32
		{F437B1E5-2480-4F91-BEAC-40FAE9DFDCE5}.Debug|Win32.ActiveCfg = Debug|Win32
		{F437B1E5-2480-4F91-BEAC-40FAE9DFDCE5}.Debug|Win32.Build.0 = Debug|Win32
		{F437B1E5-2480-4F91-BEAC-40FAE9DFDCE5}.Release|Win32.ActiveCfg = Release|Win32
		{F437B1E5-2480-4F91-BEAC-40FAE9DFDCE5}.Release|Win32.Build.0 = Release|Win32
		{9D81A80F-FF0A-412E-988C-B4514870ADC4}.Debug|Win32.ActiveCfg = Debug|Win32
		{9D81A80F-FF0A-412E-988C-B4514870ADC4}.Debug|Win32.Build.0 = Debug|Win32
		{9D81A80F-FF0A-412E-988C-B4514870ADC4}.Release|Win32.ActiveCfg = Release|Win32
		{9D81A80F-FF0A-412E-988C-B4514870ADC4}.Release|Win32.Build.0 = Release|Win32
		{610B6698-8183-4391-80C7-19190869F523}.Debug|Win32.ActiveCfg = Debug|Win32
		{610B6698-8183-4391-80C7-19190869F523}.Debug|Win32.Build.0 = Debug|Win32
		{610B6698-8183-4391-80C7-19190869F523}.Release|Win32.ActiveCfg = Release|Win32
		{610B6698-8183-4391-80C7-19190869F523}.Release|Win32.Build.0 = Release|Win32
		{790427F9-84A3-48B9-999F-EDBCC51E751B}.Debug|Win32.ActiveCfg = Debug|Win32
		{790427F9-84A3-48B9-999F-EDBCC51E751B}.Debug|Win32.Build.0 = Debug|Win32
		{790427F9-84A3-48B9-999F-EDBCC51E751B}.Release|Win32.ActiveCfg = Release|Win32
		{790427F9-84A3-48B9-999F-EDBCC51E751B}.Release|Win32.Build.0 = Release|Win32
	EndGlobalSection
	GlobalSection(SolutionProperties) = preSolution
		HideSolutionNode = FALSE
	EndGlobalSection
	GlobalSection(NestedProjects) = preSolution
		{2893C1D8-A245-44D5-BA68-167788F03489} = {212074C0-1131-49A2-A35C-F694B86A20A5}
		{33F0FDA0-E503-443E-BAB1-E655E825EB55} = {212074C0-1131-49A2-A35C-F694B86A20A5}
		{D4063AFE-345A-439C-8225-EF1A723FF3D0} = {0E4FB5FC-D5FF-4DEB-9745-5C246440A287}
		{4F90F7CC-1C76-4CB4-82F2-5EC0CD5C1B47} = {212D8AD8-3814-468C-A9AE-8C2791E9A8F4}
		{DBDF5387-DBD1-4B68-9D2A-00F163B5C356} = {82EE1E66-D7B2-4372-BB28-DB88A71510FE}
		{4D605976-392C-4B12-B078-17911FC958AE} = {82EE1E66-D7B2-4372-BB28-DB88A71510FE}
		{BE6E61EF-47FB-43AD-855D-BE4A869C8B0C} = {82EE1E66-D7B2-4372-BB28-DB88A71510FE}
		{4D4C4DF1-D953-40C3-9E9C-B3015C8AC9C7} = {0F8EDC82-7881-49EF-B980-C3F993B4F64B}
		{BC23B8DB-652B-4E14-9AC4-3680084B09D0} = {0F8EDC82-7881-49EF-B980-C3F993B4F64B}
		{D4D80A49-A1A9-4B91-93B6-0F48BF33065D} = {A31E3388-B114-4BAD-A98A-8A8BCD2FF79B}
		{5AAF1956-F55F-438A-9207-927533D2547B} = {A31E3388-B114-4BAD-A98A-8A8BCD2FF79B}
		{52D1771D-5A10-4592-8775-6C7A4B6EF6C5} = {A31E3388-B114-4BAD-A98A-8A8BCD2FF79B}
		{F437B1E5-2480-4F91-BEAC-40FAE9DFDCE5} = {52D1771D-5A10-4592-8775-6C7A4B6EF6C5}
		{9D81A80F-FF0A-412E-988C-B4514870ADC4} = {7C8A0698-A7D2-428B-A532-FCDFABA56F59}
		{606CAFFB-E991-4DB6-85AB-06A716C3D07A} = {7C8A0698-A7D2-428B-A532-FCDFABA56F59}
		{610B6698-8183-4391-80C7-19190869F523} = {606CAFFB-E991-4DB6-85AB-06A716C3D07A}
		{790427F9-84A3-48B9-999F-EDBCC51E751B} = {AAC383FC-EEC7-4BF9-97FA-074B541A3A6E}
	EndGlobalSection
EndGlobal
